
Microsoft Visual Studio Solution File, Format Version 12.00
Project("{FAE04EC0-301F-11D3-BF4B-00C04F79EFBC}") = "API", "API\API.csproj", "{6FD41D50-9B6C-4F06-9F0E-D2AF990C9F64}"
EndProject
Project("{FAE04EC0-301F-11D3-BF4B-00C04F79EFBC}") = "AppCore", "AppCore\AppCore.csproj", "{A6BED036-AEBC-41DC-A654-2230D79B3233}"
EndProject
Project("{FAE04EC0-301F-11D3-BF4B-00C04F79EFBC}") = "MainData", "MainData\MainData.csproj", "{22891DEE-B604-4DE5-B317-D25190026DF5}"
EndProject
Global
	GlobalSection(SolutionConfigurationPlatforms) = preSolution
		Debug|Any CPU = Debug|Any CPU
		Release|Any CPU = Release|Any CPU
	EndGlobalSection
	GlobalSection(ProjectConfigurationPlatforms) = postSolution
		{6FD41D50-9B6C-4F06-9F0E-D2AF990C9F64}.Debug|Any CPU.ActiveCfg = Debug|Any CPU
		{6FD41D50-9B6C-4F06-9F0E-D2AF990C9F64}.Debug|Any CPU.Build.0 = Debug|Any CPU
		{6FD41D50-9B6C-4F06-9F0E-D2AF990C9F64}.Release|Any CPU.ActiveCfg = Release|Any CPU
		{6FD41D50-9B6C-4F06-9F0E-D2AF990C9F64}.Release|Any CPU.Build.0 = Release|Any CPU
		{A6BED036-AEBC-41DC-A654-2230D79B3233}.Debug|Any CPU.ActiveCfg = Debug|Any CPU
		{A6BED036-AEBC-41DC-A654-2230D79B3233}.Debug|Any CPU.Build.0 = Debug|Any CPU
		{A6BED036-AEBC-41DC-A654-2230D79B3233}.Release|Any CPU.ActiveCfg = Release|Any CPU
		{A6BED036-AEBC-41DC-A654-2230D79B3233}.Release|Any CPU.Build.0 = Release|Any CPU
		{22891DEE-B604-4DE5-B317-D25190026DF5}.Debug|Any CPU.ActiveCfg = Debug|Any CPU
		{22891DEE-B604-4DE5-B317-D25190026DF5}.Debug|Any CPU.Build.0 = Debug|Any CPU
		{22891DEE-B604-4DE5-B317-D25190026DF5}.Release|Any CPU.ActiveCfg = Release|Any CPU
		{22891DEE-B604-4DE5-B317-D25190026DF5}.Release|Any CPU.Build.0 = Release|Any CPU
	EndGlobalSection
EndGlobal
